// !$*UTF8*$!
{
	archiveVersion = 1;
	classes = {
	};
	objectVersion = 46;
	objects = {

/* Begin PBXBuildFile section */
		1D14A90D1DE208600003BBEC /* MBProgressHUD.m in Sources */ = {isa = PBXBuildFile; fileRef = 1D14A9091DE208600003BBEC /* MBProgressHUD.m */; };
		1D14A90E1DE208600003BBEC /* XCHudHelper.m in Sources */ = {isa = PBXBuildFile; fileRef = 1D14A90B1DE208600003BBEC /* XCHudHelper.m */; };
		1D4EE0EC1DDBFF0800DB2892 /* main.m in Sources */ = {isa = PBXBuildFile; fileRef = 1D4EE0EB1DDBFF0800DB2892 /* main.m */; };
		1D4EE0EF1DDBFF0800DB2892 /* AppDelegate.m in Sources */ = {isa = PBXBuildFile; fileRef = 1D4EE0EE1DDBFF0800DB2892 /* AppDelegate.m */; };
		1D4EE0F51DDBFF0800DB2892 /* Main.storyboard in Resources */ = {isa = PBXBuildFile; fileRef = 1D4EE0F31DDBFF0800DB2892 /* Main.storyboard */; };
		1D4EE0F71DDBFF0800DB2892 /* Assets.xcassets in Resources */ = {isa = PBXBuildFile; fileRef = 1D4EE0F61DDBFF0800DB2892 /* Assets.xcassets */; };
		1D4EE0FA1DDBFF0800DB2892 /* LaunchScreen.storyboard in Resources */ = {isa = PBXBuildFile; fileRef = 1D4EE0F81DDBFF0800DB2892 /* LaunchScreen.storyboard */; };
		1D4EE10F1DDBFF7900DB2892 /* TBloaderURLConnection.m in Sources */ = {isa = PBXBuildFile; fileRef = 1D4EE1031DDBFF7900DB2892 /* TBloaderURLConnection.m */; };
		1D4EE1101DDBFF7900DB2892 /* TBPlayer.bundle in Resources */ = {isa = PBXBuildFile; fileRef = 1D4EE1041DDBFF7900DB2892 /* TBPlayer.bundle */; };
		1D4EE1111DDBFF7900DB2892 /* TBPlayer.m in Sources */ = {isa = PBXBuildFile; fileRef = 1D4EE1061DDBFF7900DB2892 /* TBPlayer.m */; };
		1D4EE1121DDBFF7900DB2892 /* TBVideoRequestTask.m in Sources */ = {isa = PBXBuildFile; fileRef = 1D4EE1081DDBFF7900DB2892 /* TBVideoRequestTask.m */; };
		1D4EE1181DDBFF7F00DB2892 /* 1.png in Resources */ = {isa = PBXBuildFile; fileRef = 1D4EE1171DDBFF7F00DB2892 /* 1.png */; };
		1D4EE11D1DDBFF9400DB2892 /* avplayerVC.m in Sources */ = {isa = PBXBuildFile; fileRef = 1D4EE11A1DDBFF9400DB2892 /* avplayerVC.m */; };
		1D4EE11E1DDBFF9400DB2892 /* ViewController.m in Sources */ = {isa = PBXBuildFile; fileRef = 1D4EE11C1DDBFF9400DB2892 /* ViewController.m */; };
/* End PBXBuildFile section */

/* Begin PBXFileReference section */
		1D14A9081DE208600003BBEC /* MBProgressHUD.h */ = {isa = PBXFileReference; fileEncoding = 4; lastKnownFileType = sourcecode.c.h; path = MBProgressHUD.h; sourceTree = "<group>"; };
		1D14A9091DE208600003BBEC /* MBProgressHUD.m */ = {isa = PBXFileReference; fileEncoding = 4; lastKnownFileType = sourcecode.c.objc; path = MBProgressHUD.m; sourceTree = "<group>"; };
		1D14A90A1DE208600003BBEC /* XCHudHelper.h */ = {isa = PBXFileReference; fileEncoding = 4; lastKnownFileType = sourcecode.c.h; path = XCHudHelper.h; sourceTree = "<group>"; };
		1D14A90B1DE208600003BBEC /* XCHudHelper.m */ = {isa = PBXFileReference; fileEncoding = 4; lastKnownFileType = sourcecode.c.objc; path = XCHudHelper.m; sourceTree = "<group>"; };
		1D4EE0E71DDBFF0800DB2892 /* TBPlayer.app */ = {isa = PBXFileReference; explicitFileType = wrapper.application; includeInIndex = 0; path = TBPlayer.app; sourceTree = BUILT_PRODUCTS_DIR; };
		1D4EE0EB1DDBFF0800DB2892 /* main.m */ = {isa = PBXFileReference; lastKnownFileType = sourcecode.c.objc; path = main.m; sourceTree = "<group>"; };
		1D4EE0ED1DDBFF0800DB2892 /* AppDelegate.h */ = {isa = PBXFileReference; lastKnownFileType = sourcecode.c.h; path = AppDelegate.h; sourceTree = "<group>"; };
		1D4EE0EE1DDBFF0800DB2892 /* AppDelegate.m */ = {isa = PBXFileReference; lastKnownFileType = sourcecode.c.objc; path = AppDelegate.m; sourceTree = "<group>"; };
		1D4EE0F41DDBFF0800DB2892 /* Base */ = {isa = PBXFileReference; lastKnownFileType = file.storyboard; name = Base; path = Base.lproj/Main.storyboard; sourceTree = "<group>"; };
		1D4EE0F61DDBFF0800DB2892 /* Assets.xcassets */ = {isa = PBXFileReference; lastKnownFileType = folder.assetcatalog; path = Assets.xcassets; sourceTree = "<group>"; };
		1D4EE0F91DDBFF0800DB2892 /* Base */ = {isa = PBXFileReference; lastKnownFileType = file.storyboard; name = Base; path = Base.lproj/LaunchScreen.storyboard; sourceTree = "<group>"; };
		1D4EE0FB1DDBFF0800DB2892 /* Info.plist */ = {isa = PBXFileReference; lastKnownFileType = text.plist.xml; path = Info.plist; sourceTree = "<group>"; };
		1D4EE1021DDBFF7900DB2892 /* TBloaderURLConnection.h */ = {isa = PBXFileReference; fileEncoding = 4; lastKnownFileType = sourcecode.c.h; path = TBloaderURLConnection.h; sourceTree = "<group>"; };
		1D4EE1031DDBFF7900DB2892 /* TBloaderURLConnection.m */ = {isa = PBXFileReference; fileEncoding = 4; lastKnownFileType = sourcecode.c.objc; path = TBloaderURLConnection.m; sourceTree = "<group>"; };
		1D4EE1041DDBFF7900DB2892 /* TBPlayer.bundle */ = {isa = PBXFileReference; lastKnownFileType = "wrapper.plug-in"; path = TBPlayer.bundle; sourceTree = "<group>"; };
		1D4EE1051DDBFF7900DB2892 /* TBPlayer.h */ = {isa = PBXFileReference; fileEncoding = 4; lastKnownFileType = sourcecode.c.h; path = TBPlayer.h; sourceTree = "<group>"; };
		1D4EE1061DDBFF7900DB2892 /* TBPlayer.m */ = {isa = PBXFileReference; fileEncoding = 4; lastKnownFileType = sourcecode.c.objc; path = TBPlayer.m; sourceTree = "<group>"; };
		1D4EE1071DDBFF7900DB2892 /* TBVideoRequestTask.h */ = {isa = PBXFileReference; fileEncoding = 4; lastKnownFileType = sourcecode.c.h; path = TBVideoRequestTask.h; sourceTree = "<group>"; };
		1D4EE1081DDBFF7900DB2892 /* TBVideoRequestTask.m */ = {isa = PBXFileReference; fileEncoding = 4; lastKnownFileType = sourcecode.c.objc; path = TBVideoRequestTask.m; sourceTree = "<group>"; };
		1D4EE1171DDBFF7F00DB2892 /* 1.png */ = {isa = PBXFileReference; lastKnownFileType = image.png; path = 1.png; sourceTree = "<group>"; };
		1D4EE1191DDBFF9400DB2892 /* avplayerVC.h */ = {isa = PBXFileReference; fileEncoding = 4; lastKnownFileType = sourcecode.c.h; path = avplayerVC.h; sourceTree = "<group>"; };
		1D4EE11A1DDBFF9400DB2892 /* avplayerVC.m */ = {isa = PBXFileReference; fileEncoding = 4; lastKnownFileType = sourcecode.c.objc; path = avplayerVC.m; sourceTree = "<group>"; };
		1D4EE11B1DDBFF9400DB2892 /* ViewController.h */ = {isa = PBXFileReference; fileEncoding = 4; lastKnownFileType = sourcecode.c.h; path = ViewController.h; sourceTree = "<group>"; };
		1D4EE11C1DDBFF9400DB2892 /* ViewController.m */ = {isa = PBXFileReference; fileEncoding = 4; lastKnownFileType = sourcecode.c.objc; path = ViewController.m; sourceTree = "<group>"; };
/* End PBXFileReference section */

/* Begin PBXFrameworksBuildPhase section */
		1D4EE0E41DDBFF0800DB2892 /* Frameworks */ = {
			isa = PBXFrameworksBuildPhase;
			buildActionMask = 2147483647;
			files = (
			);
			runOnlyForDeploymentPostprocessing = 0;
		};
/* End PBXFrameworksBuildPhase section */

/* Begin PBXGroup section */
		1D14A9061DE208600003BBEC /* XCToast */ = {
			isa = PBXGroup;
			children = (
				1D14A9081DE208600003BBEC /* MBProgressHUD.h */,
				1D14A9091DE208600003BBEC /* MBProgressHUD.m */,
				1D14A90A1DE208600003BBEC /* XCHudHelper.h */,
				1D14A90B1DE208600003BBEC /* XCHudHelper.m */,
			);
			path = XCToast;
			sourceTree = "<group>";
		};
		1D4EE0DE1DDBFF0800DB2892 = {
			isa = PBXGroup;
			children = (
				1D4EE0E91DDBFF0800DB2892 /* TBPlayer */,
				1D4EE0E81DDBFF0800DB2892 /* Products */,
			);
			sourceTree = "<group>";
		};
		1D4EE0E81DDBFF0800DB2892 /* Products */ = {
			isa = PBXGroup;
			children = (
				1D4EE0E71DDBFF0800DB2892 /* TBPlayer.app */,
			);
			name = Products;
			sourceTree = "<group>";
		};
		1D4EE0E91DDBFF0800DB2892 /* TBPlayer */ = {
			isa = PBXGroup;
			children = (
				1D4EE1161DDBFF7F00DB2892 /* screenShot */,
				1D4EE1011DDBFF7900DB2892 /* Classes */,
				1D4EE0ED1DDBFF0800DB2892 /* AppDelegate.h */,
				1D4EE0EE1DDBFF0800DB2892 /* AppDelegate.m */,
				1D4EE1191DDBFF9400DB2892 /* avplayerVC.h */,
				1D4EE11A1DDBFF9400DB2892 /* avplayerVC.m */,
				1D4EE11B1DDBFF9400DB2892 /* ViewController.h */,
				1D4EE11C1DDBFF9400DB2892 /* ViewController.m */,
				1D4EE0F31DDBFF0800DB2892 /* Main.storyboard */,
				1D4EE0F61DDBFF0800DB2892 /* Assets.xcassets */,
				1D4EE0F81DDBFF0800DB2892 /* LaunchScreen.storyboard */,
				1D4EE0FB1DDBFF0800DB2892 /* Info.plist */,
				1D4EE0EA1DDBFF0800DB2892 /* Supporting Files */,
			);
			path = TBPlayer;
			sourceTree = "<group>";
		};
		1D4EE0EA1DDBFF0800DB2892 /* Supporting Files */ = {
			isa = PBXGroup;
			children = (
				1D4EE0EB1DDBFF0800DB2892 /* main.m */,
			);
			name = "Supporting Files";
			sourceTree = "<group>";
		};
		1D4EE1011DDBFF7900DB2892 /* Classes */ = {
			isa = PBXGroup;
			children = (
				1D14A9061DE208600003BBEC /* XCToast */,
				1D4EE1021DDBFF7900DB2892 /* TBloaderURLConnection.h */,
				1D4EE1031DDBFF7900DB2892 /* TBloaderURLConnection.m */,
				1D4EE1041DDBFF7900DB2892 /* TBPlayer.bundle */,
				1D4EE1051DDBFF7900DB2892 /* TBPlayer.h */,
				1D4EE1061DDBFF7900DB2892 /* TBPlayer.m */,
				1D4EE1071DDBFF7900DB2892 /* TBVideoRequestTask.h */,
				1D4EE1081DDBFF7900DB2892 /* TBVideoRequestTask.m */,
			);
			path = Classes;
			sourceTree = "<group>";
		};
		1D4EE1161DDBFF7F00DB2892 /* screenShot */ = {
			isa = PBXGroup;
			children = (
				1D4EE1171DDBFF7F00DB2892 /* 1.png */,
			);
			path = screenShot;
			sourceTree = "<group>";
		};
/* End PBXGroup section */

/* Begin PBXNativeTarget section */
		1D4EE0E61DDBFF0800DB2892 /* TBPlayer */ = {
			isa = PBXNativeTarget;
			buildConfigurationList = 1D4EE0FE1DDBFF0800DB2892 /* Build configuration list for PBXNativeTarget "TBPlayer" */;
			buildPhases = (
				1D4EE0E31DDBFF0800DB2892 /* Sources */,
				1D4EE0E41DDBFF0800DB2892 /* Frameworks */,
				1D4EE0E51DDBFF0800DB2892 /* Resources */,
			);
			buildRules = (
			);
			dependencies = (
			);
			name = TBPlayer;
			productName = TBPlayer;
			productReference = 1D4EE0E71DDBFF0800DB2892 /* TBPlayer.app */;
			productType = "com.apple.product-type.application";
		};
/* End PBXNativeTarget section */

/* Begin PBXProject section */
		1D4EE0DF1DDBFF0800DB2892 /* Project object */ = {
			isa = PBXProject;
			attributes = {
				LastUpgradeCheck = 0810;
				ORGANIZATIONNAME = SF;
				TargetAttributes = {
					1D4EE0E61DDBFF0800DB2892 = {
						CreatedOnToolsVersion = 8.1;
						DevelopmentTeam = VN226642G5;
						ProvisioningStyle = Automatic;
					};
				};
			};
			buildConfigurationList = 1D4EE0E21DDBFF0800DB2892 /* Build configuration list for PBXProject "TBPlayer" */;
			compatibilityVersion = "Xcode 3.2";
			developmentRegion = English;
			hasScannedForEncodings = 0;
			knownRegions = (
				en,
				Base,
			);
			mainGroup = 1D4EE0DE1DDBFF0800DB2892;
			productRefGroup = 1D4EE0E81DDBFF0800DB2892 /* Products */;
			projectDirPath = "";
			projectRoot = "";
			targets = (
				1D4EE0E61DDBFF0800DB2892 /* TBPlayer */,
			);
		};
/* End PBXProject section */

/* Begin PBXResourcesBuildPhase section */
		1D4EE0E51DDBFF0800DB2892 /* Resources */ = {
			isa = PBXResourcesBuildPhase;
			buildActionMask = 2147483647;
			files = (
				1D4EE0FA1DDBFF0800DB2892 /* LaunchScreen.storyboard in Resources */,
				1D4EE0F71DDBFF0800DB2892 /* Assets.xcassets in Resources */,
				1D4EE1181DDBFF7F00DB2892 /* 1.png in Resources */,
				1D4EE1101DDBFF7900DB2892 /* TBPlayer.bundle in Resources */,
				1D4EE0F51DDBFF0800DB2892 /* Main.storyboard in Resources */,
			);
			runOnlyForDeploymentPostprocessing = 0;
		};
/* End PBXResourcesBuildPhase section */

/* Begin PBXSourcesBuildPhase section */
		1D4EE0E31DDBFF0800DB2892 /* Sources */ = {
			isa = PBXSourcesBuildPhase;
			buildActionMask = 2147483647;
			files = (
				1D4EE11E1DDBFF9400DB2892 /* ViewController.m in Sources */,
				1D4EE1121DDBFF7900DB2892 /* TBVideoRequestTask.m in Sources */,
				1D4EE0EF1DDBFF0800DB2892 /* AppDelegate.m in Sources */,
				1D4EE1111DDBFF7900DB2892 /* TBPlayer.m in Sources */,
				1D4EE11D1DDBFF9400DB2892 /* avplayerVC.m in Sources */,
				1D14A90E1DE208600003BBEC /* XCHudHelper.m in Sources */,
				1D4EE10F1DDBFF7900DB2892 /* TBloaderURLConnection.m in Sources */,
				1D4EE0EC1DDBFF0800DB2892 /* main.m in Sources */,
				1D14A90D1DE208600003BBEC /* MBProgressHUD.m in Sources */,
			);
			runOnlyForDeploymentPostprocessing = 0;
		};
/* End PBXSourcesBuildPhase section */

/* Begin PBXVariantGroup section */
		1D4EE0F31DDBFF0800DB2892 /* Main.storyboard */ = {
			isa = PBXVariantGroup;
			children = (
				1D4EE0F41DDBFF0800DB2892 /* Base */,
			);
			name = Main.storyboard;
			sourceTree = "<group>";
		};
		1D4EE0F81DDBFF0800DB2892 /* LaunchScreen.storyboard */ = {
			isa = PBXVariantGroup;
			children = (
				1D4EE0F91DDBFF0800DB2892 /* Base */,
			);
			name = LaunchScreen.storyboard;
			sourceTree = "<group>";
		};
/* End PBXVariantGroup section */

/* Begin XCBuildConfiguration section */
		1D4EE0FC1DDBFF0800DB2892 /* Debug */ = {
			isa = XCBuildConfiguration;
			buildSettings = {
				ALWAYS_SEARCH_USER_PATHS = NO;
				CLANG_ANALYZER_NONNULL = YES;
				CLANG_CXX_LANGUAGE_STANDARD = "gnu++0x";
				CLANG_CXX_LIBRARY = "libc++";
				CLANG_ENABLE_MODULES = YES;
				CLANG_ENABLE_OBJC_ARC = YES;
				CLANG_WARN_BOOL_CONVERSION = YES;
				CLANG_WARN_CONSTANT_CONVERSION = YES;
				CLANG_WARN_DIRECT_OBJC_ISA_USAGE = YES_ERROR;
				CLANG_WARN_DOCUMENTATION_COMMENTS = YES;
				CLANG_WARN_EMPTY_BODY = YES;
				CLANG_WARN_ENUM_CONVERSION = YES;
				CLANG_WARN_INFINITE_RECURSION = YES;
				CLANG_WARN_INT_CONVERSION = YES;
				CLANG_WARN_OBJC_ROOT_CLASS = YES_ERROR;
				CLANG_WARN_SUSPICIOUS_MOVES = YES;
				CLANG_WARN_UNREACHABLE_CODE = YES;
				CLANG_WARN__DUPLICATE_METHOD_MATCH = YES;
				"CODE_SIGN_IDENTITY[sdk=iphoneos*]" = "iPhone Developer";
				COPY_PHASE_STRIP = NO;
				DEBUG_INFORMATION_FORMAT = dwarf;
				ENABLE_STRICT_OBJC_MSGSEND = YES;
				ENABLE_TESTABILITY = YES;
				GCC_C_LANGUAGE_STANDARD = gnu99;
				GCC_DYNAMIC_NO_PIC = NO;
				GCC_NO_COMMON_BLOCKS = YES;
				GCC_OPTIMIZATION_LEVEL = 0;
				GCC_PREPROCESSOR_DEFINITIONS = (
					"DEBUG=1",
					"$(inherited)",
				);
				GCC_WARN_64_TO_32_BIT_CONVERSION = YES;
				GCC_WARN_ABOUT_RETURN_TYPE = YES_ERROR;
				GCC_WARN_UNDECLARED_SELECTOR = YES;
				GCC_WARN_UNINITIALIZED_AUTOS = YES_AGGRESSIVE;
				GCC_WARN_UNUSED_FUNCTION = YES;
				GCC_WARN_UNUSED_VARIABLE = YES;
				IPHONEOS_DEPLOYMENT_TARGET = 10.1;
				MTL_ENABLE_DEBUG_INFO = YES;
				ONLY_ACTIVE_ARCH = YES;
				SDKROOT = iphoneos;
			};
			name = Debug;
		};
		1D4EE0FD1DDBFF0800DB2892 /* Release */ = {
			isa = XCBuildConfiguration;
			buildSettings = {
				ALWAYS_SEARCH_USER_PATHS = NO;
				CLANG_ANALYZER_NONNULL = YES;
				CLANG_CXX_LANGUAGE_STANDARD = "gnu++0x";
				CLANG_CXX_LIBRARY = "libc++";
				CLANG_ENABLE_MODULES = YES;
				CLANG_ENABLE_OBJC_ARC = YES;
				CLANG_WARN_BOOL_CONVERSION = YES;
				CLANG_WARN_CONSTANT_CONVERSION = YES;
				CLANG_WARN_DIRECT_OBJC_ISA_USAGE = YES_ERROR;
				CLANG_WARN_DOCUMENTATION_COMMENTS = YES;
				CLANG_WARN_EMPTY_BODY = YES;
				CLANG_WARN_ENUM_CONVERSION = YES;
				CLANG_WARN_INFINITE_RECURSION = YES;
				CLANG_WARN_INT_CONVERSION = YES;
				CLANG_WARN_OBJC_ROOT_CLASS = YES_ERROR;
				CLANG_WARN_SUSPICIOUS_MOVES = YES;
				CLANG_WARN_UNREACHABLE_CODE = YES;
				CLANG_WARN__DUPLICATE_METHOD_MATCH = YES;
				"CODE_SIGN_IDENTITY[sdk=iphoneos*]" = "iPhone Developer";
				COPY_PHASE_STRIP = NO;
				DEBUG_INFORMATION_FORMAT = "dwarf-with-dsym";
				ENABLE_NS_ASSERTIONS = NO;
				ENABLE_STRICT_OBJC_MSGSEND = YES;
				GCC_C_LANGUAGE_STANDARD = gnu99;
				GCC_NO_COMMON_BLOCKS = YES;
				GCC_WARN_64_TO_32_BIT_CONVERSION = YES;
				GCC_WARN_ABOUT_RETURN_TYPE = YES_ERROR;
				GCC_WARN_UNDECLARED_SELECTOR = YES;
				GCC_WARN_UNINITIALIZED_AUTOS = YES_AGGRESSIVE;
				GCC_WARN_UNUSED_FUNCTION = YES;
				GCC_WARN_UNUSED_VARIABLE = YES;
				IPHONEOS_DEPLOYMENT_TARGET = 10.1;
				MTL_ENABLE_DEBUG_INFO = NO;
				SDKROOT = iphoneos;
				VALIDATE_PRODUCT = YES;
			};
			name = Release;
		};
		1D4EE0FF1DDBFF0800DB2892 /* Debug */ = {
			isa = XCBuildConfiguration;
			buildSettings = {
				ASSETCATALOG_COMPILER_APPICON_NAME = AppIcon;
				DEVELOPMENT_TEAM = VN226642G5;
				INFOPLIST_FILE = TBPlayer/Info.plist;
				IPHONEOS_DEPLOYMENT_TARGET = 8.0;
				LD_RUNPATH_SEARCH_PATHS = "$(inherited) @executable_path/Frameworks";
				PRODUCT_BUNDLE_IDENTIFIER = com.suifeng.TBPlayer;
				PRODUCT_NAME = "$(TARGET_NAME)";
			};
			name = Debug;
		};
		1D4EE1001DDBFF0800DB2892 /* Release */ = {
			isa = XCBuildConfiguration;
			buildSettings = {
				ASSETCATALOG_COMPILER_APPICON_NAME = AppIcon;
				DEVELOPMENT_TEAM = VN226642G5;
				INFOPLIST_FILE = TBPlayer/Info.plist;
				IPHONEOS_DEPLOYMENT_TARGET = 8.0;
				LD_RUNPATH_SEARCH_PATHS = "$(inherited) @executable_path/Frameworks";
				PRODUCT_BUNDLE_IDENTIFIER = com.suifeng.TBPlayer;
				PRODUCT_NAME = "$(TARGET_NAME)";
			};
			name = Release;
		};
/* End XCBuildConfiguration section */

/* Begin XCConfigurationList section */
		1D4EE0E21DDBFF0800DB2892 /* Build configuration list for PBXProject "TBPlayer" */ = {
			isa = XCConfigurationList;
			buildConfigurations = (
				1D4EE0FC1DDBFF0800DB2892 /* Debug */,
				1D4EE0FD1DDBFF0800DB2892 /* Release */,
			);
			defaultConfigurationIsVisible = 0;
			defaultConfigurationName = Release;
		};
		1D4EE0FE1DDBFF0800DB2892 /* Build configuration list for PBXNativeTarget "TBPlayer" */ = {
			isa = XCConfigurationList;
			buildConfigurations = (
				1D4EE0FF1DDBFF0800DB2892 /* Debug */,
				1D4EE1001DDBFF0800DB2892 /* Release */,
			);
			defaultConfigurationIsVisible = 0;
			defaultConfigurationName = Release;
		};
/* End XCConfigurationList section */
	};
	rootObject = 1D4EE0DF1DDBFF0800DB2892 /* Project object */;
}
