// !$*UTF8*$!
{
	archiveVersion = 1;
	classes = {
	};
	objectVersion = 46;
	objects = {

/* Begin PBXBuildFile section */
		C20C8B661C81FADB00CE5C77 /* avplayerVC.m in Sources */ = {isa = PBXBuildFile; fileRef = C20C8B651C81FADB00CE5C77 /* avplayerVC.m */; };
		C23DDC071C5F603800488FD8 /* TBloaderURLConnection.m in Sources */ = {isa = PBXBuildFile; fileRef = C23DDC021C5F603800488FD8 /* TBloaderURLConnection.m */; };
		C23DDC081C5F603800488FD8 /* TBPlayer.m in Sources */ = {isa = PBXBuildFile; fileRef = C23DDC041C5F603800488FD8 /* TBPlayer.m */; };
		C23DDC091C5F603800488FD8 /* TBVideoRequestTask.m in Sources */ = {isa = PBXBuildFile; fileRef = C23DDC061C5F603800488FD8 /* TBVideoRequestTask.m */; };
		C26A80D21C71D36A00A572AD /* XCHudHelper.m in Sources */ = {isa = PBXBuildFile; fileRef = C26A80D11C71D36A00A572AD /* XCHudHelper.m */; };
		C26A80D61C71D37200A572AD /* MBProgressHUD.bundle in Resources */ = {isa = PBXBuildFile; fileRef = C26A80D31C71D37200A572AD /* MBProgressHUD.bundle */; };
		C26A80D71C71D37200A572AD /* MBProgressHUD.m in Sources */ = {isa = PBXBuildFile; fileRef = C26A80D51C71D37200A572AD /* MBProgressHUD.m */; };
		C26C5D901C5DE4A900BAD17A /* main.m in Sources */ = {isa = PBXBuildFile; fileRef = C26C5D8F1C5DE4A900BAD17A /* main.m */; };
		C26C5D931C5DE4A900BAD17A /* AppDelegate.m in Sources */ = {isa = PBXBuildFile; fileRef = C26C5D921C5DE4A900BAD17A /* AppDelegate.m */; };
		C26C5D961C5DE4A900BAD17A /* ViewController.m in Sources */ = {isa = PBXBuildFile; fileRef = C26C5D951C5DE4A900BAD17A /* ViewController.m */; };
		C26C5D991C5DE4A900BAD17A /* Main.storyboard in Resources */ = {isa = PBXBuildFile; fileRef = C26C5D971C5DE4A900BAD17A /* Main.storyboard */; };
		C26C5D9B1C5DE4A900BAD17A /* Assets.xcassets in Resources */ = {isa = PBXBuildFile; fileRef = C26C5D9A1C5DE4A900BAD17A /* Assets.xcassets */; };
		C26C5D9E1C5DE4A900BAD17A /* LaunchScreen.storyboard in Resources */ = {isa = PBXBuildFile; fileRef = C26C5D9C1C5DE4A900BAD17A /* LaunchScreen.storyboard */; };
		C2AD493D1C71A9E20064A0A8 /* 1.png in Resources */ = {isa = PBXBuildFile; fileRef = C2AD493C1C71A9E20064A0A8 /* 1.png */; };
/* End PBXBuildFile section */

/* Begin PBXFileReference section */
		C20C8B641C81FADB00CE5C77 /* avplayerVC.h */ = {isa = PBXFileReference; fileEncoding = 4; lastKnownFileType = sourcecode.c.h; path = avplayerVC.h; sourceTree = "<group>"; };
		C20C8B651C81FADB00CE5C77 /* avplayerVC.m */ = {isa = PBXFileReference; fileEncoding = 4; lastKnownFileType = sourcecode.c.objc; path = avplayerVC.m; sourceTree = "<group>"; };
		C23DDC011C5F603800488FD8 /* TBloaderURLConnection.h */ = {isa = PBXFileReference; fileEncoding = 4; lastKnownFileType = sourcecode.c.h; path = TBloaderURLConnection.h; sourceTree = "<group>"; };
		C23DDC021C5F603800488FD8 /* TBloaderURLConnection.m */ = {isa = PBXFileReference; fileEncoding = 4; lastKnownFileType = sourcecode.c.objc; path = TBloaderURLConnection.m; sourceTree = "<group>"; };
		C23DDC031C5F603800488FD8 /* TBPlayer.h */ = {isa = PBXFileReference; fileEncoding = 4; lastKnownFileType = sourcecode.c.h; path = TBPlayer.h; sourceTree = "<group>"; };
		C23DDC041C5F603800488FD8 /* TBPlayer.m */ = {isa = PBXFileReference; fileEncoding = 4; lastKnownFileType = sourcecode.c.objc; path = TBPlayer.m; sourceTree = "<group>"; };
		C23DDC051C5F603800488FD8 /* TBVideoRequestTask.h */ = {isa = PBXFileReference; fileEncoding = 4; lastKnownFileType = sourcecode.c.h; path = TBVideoRequestTask.h; sourceTree = "<group>"; };
		C23DDC061C5F603800488FD8 /* TBVideoRequestTask.m */ = {isa = PBXFileReference; fileEncoding = 4; lastKnownFileType = sourcecode.c.objc; path = TBVideoRequestTask.m; sourceTree = "<group>"; };
		C26A80D01C71D36A00A572AD /* XCHudHelper.h */ = {isa = PBXFileReference; fileEncoding = 4; lastKnownFileType = sourcecode.c.h; path = XCHudHelper.h; sourceTree = "<group>"; };
		C26A80D11C71D36A00A572AD /* XCHudHelper.m */ = {isa = PBXFileReference; fileEncoding = 4; lastKnownFileType = sourcecode.c.objc; path = XCHudHelper.m; sourceTree = "<group>"; };
		C26A80D31C71D37200A572AD /* MBProgressHUD.bundle */ = {isa = PBXFileReference; lastKnownFileType = "wrapper.plug-in"; path = MBProgressHUD.bundle; sourceTree = "<group>"; };
		C26A80D41C71D37200A572AD /* MBProgressHUD.h */ = {isa = PBXFileReference; fileEncoding = 4; lastKnownFileType = sourcecode.c.h; path = MBProgressHUD.h; sourceTree = "<group>"; };
		C26A80D51C71D37200A572AD /* MBProgressHUD.m */ = {isa = PBXFileReference; fileEncoding = 4; lastKnownFileType = sourcecode.c.objc; path = MBProgressHUD.m; sourceTree = "<group>"; };
		C26C5D8B1C5DE4A900BAD17A /* TBPlayer.app */ = {isa = PBXFileReference; explicitFileType = wrapper.application; includeInIndex = 0; path = TBPlayer.app; sourceTree = BUILT_PRODUCTS_DIR; };
		C26C5D8F1C5DE4A900BAD17A /* main.m */ = {isa = PBXFileReference; lastKnownFileType = sourcecode.c.objc; path = main.m; sourceTree = "<group>"; };
		C26C5D911C5DE4A900BAD17A /* AppDelegate.h */ = {isa = PBXFileReference; lastKnownFileType = sourcecode.c.h; path = AppDelegate.h; sourceTree = "<group>"; };
		C26C5D921C5DE4A900BAD17A /* AppDelegate.m */ = {isa = PBXFileReference; lastKnownFileType = sourcecode.c.objc; path = AppDelegate.m; sourceTree = "<group>"; };
		C26C5D941C5DE4A900BAD17A /* ViewController.h */ = {isa = PBXFileReference; lastKnownFileType = sourcecode.c.h; path = ViewController.h; sourceTree = "<group>"; };
		C26C5D951C5DE4A900BAD17A /* ViewController.m */ = {isa = PBXFileReference; lastKnownFileType = sourcecode.c.objc; path = ViewController.m; sourceTree = "<group>"; };
		C26C5D981C5DE4A900BAD17A /* Base */ = {isa = PBXFileReference; lastKnownFileType = file.storyboard; name = Base; path = Base.lproj/Main.storyboard; sourceTree = "<group>"; };
		C26C5D9A1C5DE4A900BAD17A /* Assets.xcassets */ = {isa = PBXFileReference; lastKnownFileType = folder.assetcatalog; path = Assets.xcassets; sourceTree = "<group>"; };
		C26C5D9D1C5DE4A900BAD17A /* Base */ = {isa = PBXFileReference; lastKnownFileType = file.storyboard; name = Base; path = Base.lproj/LaunchScreen.storyboard; sourceTree = "<group>"; };
		C26C5D9F1C5DE4A900BAD17A /* Info.plist */ = {isa = PBXFileReference; lastKnownFileType = text.plist.xml; path = Info.plist; sourceTree = "<group>"; };
		C2AD493C1C71A9E20064A0A8 /* 1.png */ = {isa = PBXFileReference; lastKnownFileType = image.png; path = 1.png; sourceTree = "<group>"; };
/* End PBXFileReference section */

/* Begin PBXFrameworksBuildPhase section */
		C26C5D881C5DE4A900BAD17A /* Frameworks */ = {
			isa = PBXFrameworksBuildPhase;
			buildActionMask = 2147483647;
			files = (
			);
			runOnlyForDeploymentPostprocessing = 0;
		};
/* End PBXFrameworksBuildPhase section */

/* Begin PBXGroup section */
		C23DDC001C5F603800488FD8 /* TBPlayer */ = {
			isa = PBXGroup;
			children = (
				C23DDC031C5F603800488FD8 /* TBPlayer.h */,
				C23DDC041C5F603800488FD8 /* TBPlayer.m */,
				C23DDC011C5F603800488FD8 /* TBloaderURLConnection.h */,
				C23DDC021C5F603800488FD8 /* TBloaderURLConnection.m */,
				C23DDC051C5F603800488FD8 /* TBVideoRequestTask.h */,
				C23DDC061C5F603800488FD8 /* TBVideoRequestTask.m */,
			);
			path = TBPlayer;
			sourceTree = "<group>";
		};
		C26A80D81C71D43600A572AD /* TBHudhelper */ = {
			isa = PBXGroup;
			children = (
				C26A80D01C71D36A00A572AD /* XCHudHelper.h */,
				C26A80D11C71D36A00A572AD /* XCHudHelper.m */,
				C26A80D31C71D37200A572AD /* MBProgressHUD.bundle */,
				C26A80D41C71D37200A572AD /* MBProgressHUD.h */,
				C26A80D51C71D37200A572AD /* MBProgressHUD.m */,
			);
			name = TBHudhelper;
			sourceTree = "<group>";
		};
		C26C5D821C5DE4A900BAD17A = {
			isa = PBXGroup;
			children = (
				C26C5D8D1C5DE4A900BAD17A /* TBPlayer */,
				C26C5D8C1C5DE4A900BAD17A /* Products */,
			);
			sourceTree = "<group>";
		};
		C26C5D8C1C5DE4A900BAD17A /* Products */ = {
			isa = PBXGroup;
			children = (
				C26C5D8B1C5DE4A900BAD17A /* TBPlayer.app */,
			);
			name = Products;
			sourceTree = "<group>";
		};
		C26C5D8D1C5DE4A900BAD17A /* TBPlayer */ = {
			isa = PBXGroup;
			children = (
				C26A80D81C71D43600A572AD /* TBHudhelper */,
				C2AD493B1C71A9AE0064A0A8 /* screenShot */,
				C23DDC001C5F603800488FD8 /* TBPlayer */,
				C26C5D911C5DE4A900BAD17A /* AppDelegate.h */,
				C26C5D921C5DE4A900BAD17A /* AppDelegate.m */,
				C26C5D941C5DE4A900BAD17A /* ViewController.h */,
				C26C5D951C5DE4A900BAD17A /* ViewController.m */,
				C20C8B641C81FADB00CE5C77 /* avplayerVC.h */,
				C20C8B651C81FADB00CE5C77 /* avplayerVC.m */,
				C26C5D971C5DE4A900BAD17A /* Main.storyboard */,
				C26C5D9A1C5DE4A900BAD17A /* Assets.xcassets */,
				C26C5D9C1C5DE4A900BAD17A /* LaunchScreen.storyboard */,
				C26C5D9F1C5DE4A900BAD17A /* Info.plist */,
				C26C5D8E1C5DE4A900BAD17A /* Supporting Files */,
			);
			path = TBPlayer;
			sourceTree = "<group>";
		};
		C26C5D8E1C5DE4A900BAD17A /* Supporting Files */ = {
			isa = PBXGroup;
			children = (
				C26C5D8F1C5DE4A900BAD17A /* main.m */,
			);
			name = "Supporting Files";
			sourceTree = "<group>";
		};
		C2AD493B1C71A9AE0064A0A8 /* screenShot */ = {
			isa = PBXGroup;
			children = (
				C2AD493C1C71A9E20064A0A8 /* 1.png */,
			);
			path = screenShot;
			sourceTree = "<group>";
		};
/* End PBXGroup section */

/* Begin PBXNativeTarget section */
		C26C5D8A1C5DE4A900BAD17A /* TBPlayer */ = {
			isa = PBXNativeTarget;
			buildConfigurationList = C26C5DA21C5DE4A900BAD17A /* Build configuration list for PBXNativeTarget "TBPlayer" */;
			buildPhases = (
				C26C5D871C5DE4A900BAD17A /* Sources */,
				C26C5D881C5DE4A900BAD17A /* Frameworks */,
				C26C5D891C5DE4A900BAD17A /* Resources */,
			);
			buildRules = (
			);
			dependencies = (
			);
			name = TBPlayer;
			productName = TBPlayer;
			productReference = C26C5D8B1C5DE4A900BAD17A /* TBPlayer.app */;
			productType = "com.apple.product-type.application";
		};
/* End PBXNativeTarget section */

/* Begin PBXProject section */
		C26C5D831C5DE4A900BAD17A /* Project object */ = {
			isa = PBXProject;
			attributes = {
				LastUpgradeCheck = 0720;
				ORGANIZATIONNAME = SF;
				TargetAttributes = {
					C26C5D8A1C5DE4A900BAD17A = {
						CreatedOnToolsVersion = 7.2;
					};
				};
			};
			buildConfigurationList = C26C5D861C5DE4A900BAD17A /* Build configuration list for PBXProject "TBPlayer" */;
			compatibilityVersion = "Xcode 3.2";
			developmentRegion = English;
			hasScannedForEncodings = 0;
			knownRegions = (
				en,
				Base,
			);
			mainGroup = C26C5D821C5DE4A900BAD17A;
			productRefGroup = C26C5D8C1C5DE4A900BAD17A /* Products */;
			projectDirPath = "";
			projectRoot = "";
			targets = (
				C26C5D8A1C5DE4A900BAD17A /* TBPlayer */,
			);
		};
/* End PBXProject section */

/* Begin PBXResourcesBuildPhase section */
		C26C5D891C5DE4A900BAD17A /* Resources */ = {
			isa = PBXResourcesBuildPhase;
			buildActionMask = 2147483647;
			files = (
				C26C5D9E1C5DE4A900BAD17A /* LaunchScreen.storyboard in Resources */,
				C26C5D9B1C5DE4A900BAD17A /* Assets.xcassets in Resources */,
				C26A80D61C71D37200A572AD /* MBProgressHUD.bundle in Resources */,
				C26C5D991C5DE4A900BAD17A /* Main.storyboard in Resources */,
				C2AD493D1C71A9E20064A0A8 /* 1.png in Resources */,
			);
			runOnlyForDeploymentPostprocessing = 0;
		};
/* End PBXResourcesBuildPhase section */

/* Begin PBXSourcesBuildPhase section */
		C26C5D871C5DE4A900BAD17A /* Sources */ = {
			isa = PBXSourcesBuildPhase;
			buildActionMask = 2147483647;
			files = (
				C23DDC091C5F603800488FD8 /* TBVideoRequestTask.m in Sources */,
				C23DDC071C5F603800488FD8 /* TBloaderURLConnection.m in Sources */,
				C26C5D961C5DE4A900BAD17A /* ViewController.m in Sources */,
				C20C8B661C81FADB00CE5C77 /* avplayerVC.m in Sources */,
				C23DDC081C5F603800488FD8 /* TBPlayer.m in Sources */,
				C26C5D931C5DE4A900BAD17A /* AppDelegate.m in Sources */,
				C26C5D901C5DE4A900BAD17A /* main.m in Sources */,
				C26A80D21C71D36A00A572AD /* XCHudHelper.m in Sources */,
				C26A80D71C71D37200A572AD /* MBProgressHUD.m in Sources */,
			);
			runOnlyForDeploymentPostprocessing = 0;
		};
/* End PBXSourcesBuildPhase section */

/* Begin PBXVariantGroup section */
		C26C5D971C5DE4A900BAD17A /* Main.storyboard */ = {
			isa = PBXVariantGroup;
			children = (
				C26C5D981C5DE4A900BAD17A /* Base */,
			);
			name = Main.storyboard;
			sourceTree = "<group>";
		};
		C26C5D9C1C5DE4A900BAD17A /* LaunchScreen.storyboard */ = {
			isa = PBXVariantGroup;
			children = (
				C26C5D9D1C5DE4A900BAD17A /* Base */,
			);
			name = LaunchScreen.storyboard;
			sourceTree = "<group>";
		};
/* End PBXVariantGroup section */

/* Begin XCBuildConfiguration section */
		C26C5DA01C5DE4A900BAD17A /* Debug */ = {
			isa = XCBuildConfiguration;
			buildSettings = {
				ALWAYS_SEARCH_USER_PATHS = NO;
				CLANG_CXX_LANGUAGE_STANDARD = "gnu++0x";
				CLANG_CXX_LIBRARY = "libc++";
				CLANG_ENABLE_MODULES = YES;
				CLANG_ENABLE_OBJC_ARC = YES;
				CLANG_WARN_BOOL_CONVERSION = YES;
				CLANG_WARN_CONSTANT_CONVERSION = YES;
				CLANG_WARN_DIRECT_OBJC_ISA_USAGE = YES_ERROR;
				CLANG_WARN_EMPTY_BODY = YES;
				CLANG_WARN_ENUM_CONVERSION = YES;
				CLANG_WARN_INT_CONVERSION = YES;
				CLANG_WARN_OBJC_ROOT_CLASS = YES_ERROR;
				CLANG_WARN_UNREACHABLE_CODE = YES;
				CLANG_WARN__DUPLICATE_METHOD_MATCH = YES;
				"CODE_SIGN_IDENTITY[sdk=iphoneos*]" = "iPhone Developer";
				COPY_PHASE_STRIP = NO;
				DEBUG_INFORMATION_FORMAT = dwarf;
				ENABLE_STRICT_OBJC_MSGSEND = YES;
				ENABLE_TESTABILITY = YES;
				GCC_C_LANGUAGE_STANDARD = gnu99;
				GCC_DYNAMIC_NO_PIC = NO;
				GCC_NO_COMMON_BLOCKS = YES;
				GCC_OPTIMIZATION_LEVEL = 0;
				GCC_PREPROCESSOR_DEFINITIONS = (
					"DEBUG=1",
					"$(inherited)",
				);
				GCC_WARN_64_TO_32_BIT_CONVERSION = YES;
				GCC_WARN_ABOUT_RETURN_TYPE = YES_ERROR;
				GCC_WARN_UNDECLARED_SELECTOR = YES;
				GCC_WARN_UNINITIALIZED_AUTOS = YES_AGGRESSIVE;
				GCC_WARN_UNUSED_FUNCTION = YES;
				GCC_WARN_UNUSED_VARIABLE = YES;
				IPHONEOS_DEPLOYMENT_TARGET = 9.2;
				MTL_ENABLE_DEBUG_INFO = YES;
				ONLY_ACTIVE_ARCH = YES;
				SDKROOT = iphoneos;
			};
			name = Debug;
		};
		C26C5DA11C5DE4A900BAD17A /* Release */ = {
			isa = XCBuildConfiguration;
			buildSettings = {
				ALWAYS_SEARCH_USER_PATHS = NO;
				CLANG_CXX_LANGUAGE_STANDARD = "gnu++0x";
				CLANG_CXX_LIBRARY = "libc++";
				CLANG_ENABLE_MODULES = YES;
				CLANG_ENABLE_OBJC_ARC = YES;
				CLANG_WARN_BOOL_CONVERSION = YES;
				CLANG_WARN_CONSTANT_CONVERSION = YES;
				CLANG_WARN_DIRECT_OBJC_ISA_USAGE = YES_ERROR;
				CLANG_WARN_EMPTY_BODY = YES;
				CLANG_WARN_ENUM_CONVERSION = YES;
				CLANG_WARN_INT_CONVERSION = YES;
				CLANG_WARN_OBJC_ROOT_CLASS = YES_ERROR;
				CLANG_WARN_UNREACHABLE_CODE = YES;
				CLANG_WARN__DUPLICATE_METHOD_MATCH = YES;
				"CODE_SIGN_IDENTITY[sdk=iphoneos*]" = "iPhone Developer";
				COPY_PHASE_STRIP = NO;
				DEBUG_INFORMATION_FORMAT = "dwarf-with-dsym";
				ENABLE_NS_ASSERTIONS = NO;
				ENABLE_STRICT_OBJC_MSGSEND = YES;
				GCC_C_LANGUAGE_STANDARD = gnu99;
				GCC_NO_COMMON_BLOCKS = YES;
				GCC_WARN_64_TO_32_BIT_CONVERSION = YES;
				GCC_WARN_ABOUT_RETURN_TYPE = YES_ERROR;
				GCC_WARN_UNDECLARED_SELECTOR = YES;
				GCC_WARN_UNINITIALIZED_AUTOS = YES_AGGRESSIVE;
				GCC_WARN_UNUSED_FUNCTION = YES;
				GCC_WARN_UNUSED_VARIABLE = YES;
				IPHONEOS_DEPLOYMENT_TARGET = 9.2;
				MTL_ENABLE_DEBUG_INFO = NO;
				SDKROOT = iphoneos;
				VALIDATE_PRODUCT = YES;
			};
			name = Release;
		};
		C26C5DA31C5DE4A900BAD17A /* Debug */ = {
			isa = XCBuildConfiguration;
			buildSettings = {
				ASSETCATALOG_COMPILER_APPICON_NAME = AppIcon;
				INFOPLIST_FILE = TBPlayer/Info.plist;
				LD_RUNPATH_SEARCH_PATHS = "$(inherited) @executable_path/Frameworks";
				PRODUCT_BUNDLE_IDENTIFIER = com.suifeng.TBPlayer;
				PRODUCT_NAME = "$(TARGET_NAME)";
			};
			name = Debug;
		};
		C26C5DA41C5DE4A900BAD17A /* Release */ = {
			isa = XCBuildConfiguration;
			buildSettings = {
				ASSETCATALOG_COMPILER_APPICON_NAME = AppIcon;
				INFOPLIST_FILE = TBPlayer/Info.plist;
				LD_RUNPATH_SEARCH_PATHS = "$(inherited) @executable_path/Frameworks";
				PRODUCT_BUNDLE_IDENTIFIER = com.suifeng.TBPlayer;
				PRODUCT_NAME = "$(TARGET_NAME)";
			};
			name = Release;
		};
/* End XCBuildConfiguration section */

/* Begin XCConfigurationList section */
		C26C5D861C5DE4A900BAD17A /* Build configuration list for PBXProject "TBPlayer" */ = {
			isa = XCConfigurationList;
			buildConfigurations = (
				C26C5DA01C5DE4A900BAD17A /* Debug */,
				C26C5DA11C5DE4A900BAD17A /* Release */,
			);
			defaultConfigurationIsVisible = 0;
			defaultConfigurationName = Release;
		};
		C26C5DA21C5DE4A900BAD17A /* Build configuration list for PBXNativeTarget "TBPlayer" */ = {
			isa = XCConfigurationList;
			buildConfigurations = (
				C26C5DA31C5DE4A900BAD17A /* Debug */,
				C26C5DA41C5DE4A900BAD17A /* Release */,
			);
			defaultConfigurationIsVisible = 0;
			defaultConfigurationName = Release;
		};
/* End XCConfigurationList section */
	};
	rootObject = C26C5D831C5DE4A900BAD17A /* Project object */;
}
